
Microsoft Visual Studio Solution File, Format Version 12.00
# Visual Studio Version 17
VisualStudioVersion = 17.9.34728.123
MinimumVisualStudioVersion = 10.0.40219.1
Project("{9A19103F-16F7-4668-BE54-9A1E7A4F7556}") = "SE183508ConsoleEFApp", "SE183508ConsoleEFApp\SE183508ConsoleEFApp.csproj", "{FC0A074C-5876-443C-8E43-EBF0614875EF}"
EndProject
Project("{2150E333-8FDC-42A3-9474-1A3956D46DE8}") = "Solution Items", "Solution Items", "{2813C31A-5384-4FF6-826D-4CDB11259660}"
EndProject
Global
	GlobalSection(SolutionConfigurationPlatforms) = preSolution
		Debug|Any CPU = Debug|Any CPU
		Release|Any CPU = Release|Any CPU
	EndGlobalSection
	GlobalSection(ProjectConfigurationPlatforms) = postSolution
		{FC0A074C-5876-443C-8E43-EBF0614875EF}.Debug|Any CPU.ActiveCfg = Debug|Any CPU
		{FC0A074C-5876-443C-8E43-EBF0614875EF}.Debug|Any CPU.Build.0 = Debug|Any CPU
		{FC0A074C-5876-443C-8E43-EBF0614875EF}.Release|Any CPU.ActiveCfg = Release|Any CPU
		{FC0A074C-5876-443C-8E43-EBF0614875EF}.Release|Any CPU.Build.0 = Release|Any CPU
	EndGlobalSection
	GlobalSection(SolutionProperties) = preSolution
		HideSolutionNode = FALSE
	EndGlobalSection
	GlobalSection(ExtensibilityGlobals) = postSolution
		SolutionGuid = {994B6C3C-9102-4989-A749-D7BBFE41B25A}
	EndGlobalSection
EndGlobal
